hash: cf702332ce2b2556187a0a920eac30861e808f5027d93b0be45b095ce6f1cac7
updated: 2017-09-30T16:04:14.179163479-04:00
imports:
- name: cloud.google.com/go
  version: f6de2c509ed9d2af648c3c147207eaaf97149aed
  subpackages:
  - compute/metadata
- name: github.com/joeshaw/envdecode
  version: 6326cbed175e32cd5183be1cc1027e0823c91edb
- name: github.com/lib/pq
  version: b77235e3890a962fe8a6f8c4c7198679ca7814e7
- name: github.com/shurcooL/sanitized_anchor_name
  version: 86672fcb3f950f35f2e675df2240550f2a50762f
- name: golang.org/x/oauth2
  version: 13449ad91cb26cb47661c1b080790392170385fd
  subpackages:
  - '...'
- name: google.golang.org/api
  version: 39c3dd417c5a443607650f18e829ad308da08dd2
  subpackages:
  - drive/v3
- name: gopkg.in/russross/blackfriday.v2
  version: 187c33ff049bddf24fc5c5b82facfdd62813a552
testImports: []
